<?xml version="1.0" encoding="utf-8"?>
<Project ToolsVersion="4.0" xmlns="http://schemas.microsoft.com/developer/msbuild/2003">
  <ItemGroup>
    <ClCompile Include="main.cpp" />
    <ClCompile Include="Imgui\imgui.cpp">
      <Filter>ImGui</Filter>
    </ClCompile>
    <ClCompile Include="Imgui\imgui_draw.cpp">
      <Filter>ImGui</Filter>
    </ClCompile>
    <ClCompile Include="Imgui\imgui_impl_win32.cpp">
      <Filter>ImGui</Filter>
    </ClCompile>
    <ClCompile Include="Imgui\imgui_impl_dx9.cpp">
      <Filter>ImGui</Filter>
    </ClCompile>
    <ClCompile Include="Imgui\imgui_widgets.cpp">
      <Filter>ImGui</Filter>
    </ClCompile>
  </ItemGroup>
  <ItemGroup>
    <ClInclude Include="..\..\new srtc - Copy (2)\Imgui\imgui.h">
      <Filter>ImGui</Filter>
    </ClInclude>
    <ClInclude Include="FVector.h">
      <Filter>Utils</Filter>
    </ClInclude>
    <ClInclude Include="win_utils.h">
      <Filter>Utils</Filter>
    </ClInclude>
    <ClInclude Include="skStr.h">
      <Filter>Utils</Filter>
    </ClInclude>
    <ClInclude Include="lazy.h">
      <Filter>Utils</Filter>
    </ClInclude>
    <ClInclude Include="d3d9_x.h">
      <Filter>Utils</Filter>
    </ClInclude>
    <ClInclude Include="driver_utils.h">
      <Filter>Driver</Filter>
    </ClInclude>
    <ClInclude Include="godfather.h">
      <Filter>Driver</Filter>
    </ClInclude>
    <ClInclude Include="Includes.h" />
    <ClInclude Include="Functions.h" />
    <ClInclude Include="Fonts.h" />
    <ClInclude Include="ico_font.h" />
    <ClInclude Include="colors_configs.h" />
    <ClInclude Include="offsets.h" />
  </ItemGroup>
  <ItemGroup>
    <None Include="decryption.asm" />
  </ItemGroup>
  <ItemGroup>
    <Filter Include="ImGui">
      <UniqueIdentifier>{d53c9282-f6cc-4699-9b2b-f63abfe2a100}</UniqueIdentifier>
    </Filter>
    <Filter Include="Utils">
      <UniqueIdentifier>{813c74c5-9682-48b6-81cf-b431363e1582}</UniqueIdentifier>
    </Filter>
    <Filter Include="Driver">
      <UniqueIdentifier>{8e9634d4-1e65-4f7c-a1b5-62560386bf23}</UniqueIdentifier>
    </Filter>
  </ItemGroup>
</Project>